
Microsoft Visual Studio Solution File, Format Version 12.00
# Visual Studio Version 16
VisualStudioVersion = 16.0.30503.244
MinimumVisualStudioVersion = 10.0.40219.1
Project("{FAE04EC0-301F-11D3-BF4B-00C04F79EFBC}") = "NetCoreExamProject", "NetCoreExamProject.csproj", "{2FDF048D-F788-4E5C-A8BC-2C88627A148A}"
EndProject
Global
	GlobalSection(SolutionConfigurationPlatforms) = preSolution
		Debug|Any CPU = Debug|Any CPU
		Release|Any CPU = Release|Any CPU
	EndGlobalSection
	GlobalSection(ProjectConfigurationPlatforms) = postSolution
		{2FDF048D-F788-4E5C-A8BC-2C88627A148A}.Debug|Any CPU.ActiveCfg = Debug|Any CPU
		{2FDF048D-F788-4E5C-A8BC-2C88627A148A}.Debug|Any CPU.Build.0 = Debug|Any CPU
		{2FDF048D-F788-4E5C-A8BC-2C88627A148A}.Release|Any CPU.ActiveCfg = Release|Any CPU
		{2FDF048D-F788-4E5C-A8BC-2C88627A148A}.Release|Any CPU.Build.0 = Release|Any CPU
	EndGlobalSection
	GlobalSection(SolutionProperties) = preSolution
		HideSolutionNode = FALSE
	EndGlobalSection
	GlobalSection(ExtensibilityGlobals) = postSolution
		SolutionGuid = {2176C8DA-B2E3-4E4E-9C48-69C8885C287D}
	EndGlobalSection
EndGlobal
